
Microsoft Visual Studio Solution File, Format Version 12.00
# Visual Studio Version 16
VisualStudioVersion = 16.0.30011.22
MinimumVisualStudioVersion = 10.0.40219.1
Project("{9A19103F-16F7-4668-BE54-9A1E7A4F7556}") = "UninstallTemplate", "UninstallTemplate.csproj", "{EC84B7CD-EC68-433E-BB08-6F1FB4FCDE35}"
EndProject
Project("{9A19103F-16F7-4668-BE54-9A1E7A4F7556}") = "Common.Infra", "..\..\common\Common.Infra\Common.Infra.csproj", "{F8E1B37C-E9E1-462A-B79B-04E0BDB2C57E}"
EndProject
Global
	GlobalSection(SolutionConfigurationPlatforms) = preSolution
		Debug|Any CPU = Debug|Any CPU
		Release|Any CPU = Release|Any CPU
	EndGlobalSection
	GlobalSection(ProjectConfigurationPlatforms) = postSolution
		{EC84B7CD-EC68-433E-BB08-6F1FB4FCDE35}.Debug|Any CPU.ActiveCfg = Debug|Any CPU
		{EC84B7CD-EC68-433E-BB08-6F1FB4FCDE35}.Debug|Any CPU.Build.0 = Debug|Any CPU
		{EC84B7CD-EC68-433E-BB08-6F1FB4FCDE35}.Release|Any CPU.ActiveCfg = Release|Any CPU
		{EC84B7CD-EC68-433E-BB08-6F1FB4FCDE35}.Release|Any CPU.Build.0 = Release|Any CPU
		{F8E1B37C-E9E1-462A-B79B-04E0BDB2C57E}.Debug|Any CPU.ActiveCfg = Debug|Any CPU
		{F8E1B37C-E9E1-462A-B79B-04E0BDB2C57E}.Debug|Any CPU.Build.0 = Debug|Any CPU
		{F8E1B37C-E9E1-462A-B79B-04E0BDB2C57E}.Release|Any CPU.ActiveCfg = Release|Any CPU
		{F8E1B37C-E9E1-462A-B79B-04E0BDB2C57E}.Release|Any CPU.Build.0 = Release|Any CPU
	EndGlobalSection
	GlobalSection(SolutionProperties) = preSolution
		HideSolutionNode = FALSE
	EndGlobalSection
	GlobalSection(ExtensibilityGlobals) = postSolution
		SolutionGuid = {2C57E29D-EB2C-41F6-A0F0-C4011FDD958D}
	EndGlobalSection
EndGlobal
