
Microsoft Visual Studio Solution File, Format Version 12.00
# Visual Studio Version 16
VisualStudioVersion = 16.0.29911.84
MinimumVisualStudioVersion = 10.0.40219.1
Project("{9A19103F-16F7-4668-BE54-9A1E7A4F7556}") = "Samples.Cli.Specs.Features", "Samples.Cli.Specs.Features\Samples.Cli.Specs.Features.csproj", "{AFEB15FB-B34C-4A2B-AD10-D95AE12D1821}"
EndProject
Project("{FAE04EC0-301F-11D3-BF4B-00C04F79EFBC}") = "Samples.Cli.Specs.Steps", "Samples.Cli.Specs.Steps\Samples.Cli.Specs.Steps.csproj", "{E3515922-6EBB-4E68-9A9D-770EF07687D6}"
EndProject
Global
	GlobalSection(SolutionConfigurationPlatforms) = preSolution
		Debug|Any CPU = Debug|Any CPU
		Release|Any CPU = Release|Any CPU
	EndGlobalSection
	GlobalSection(ProjectConfigurationPlatforms) = postSolution
		{AFEB15FB-B34C-4A2B-AD10-D95AE12D1821}.Debug|Any CPU.ActiveCfg = Debug|Any CPU
		{AFEB15FB-B34C-4A2B-AD10-D95AE12D1821}.Debug|Any CPU.Build.0 = Debug|Any CPU
		{AFEB15FB-B34C-4A2B-AD10-D95AE12D1821}.Release|Any CPU.ActiveCfg = Release|Any CPU
		{AFEB15FB-B34C-4A2B-AD10-D95AE12D1821}.Release|Any CPU.Build.0 = Release|Any CPU
		{E3515922-6EBB-4E68-9A9D-770EF07687D6}.Debug|Any CPU.ActiveCfg = Debug|Any CPU
		{E3515922-6EBB-4E68-9A9D-770EF07687D6}.Debug|Any CPU.Build.0 = Debug|Any CPU
		{E3515922-6EBB-4E68-9A9D-770EF07687D6}.Release|Any CPU.ActiveCfg = Release|Any CPU
		{E3515922-6EBB-4E68-9A9D-770EF07687D6}.Release|Any CPU.Build.0 = Release|Any CPU
	EndGlobalSection
	GlobalSection(SolutionProperties) = preSolution
		HideSolutionNode = FALSE
	EndGlobalSection
	GlobalSection(ExtensibilityGlobals) = postSolution
		SolutionGuid = {07D163FA-8882-4CD3-AF75-64443B08C8CB}
	EndGlobalSection
EndGlobal
