
Microsoft Visual Studio Solution File, Format Version 12.00
# Visual Studio Version 16
VisualStudioVersion = 16.0.29911.84
MinimumVisualStudioVersion = 10.0.40219.1
Project("{9A19103F-16F7-4668-BE54-9A1E7A4F7556}") = "Samples.Cli.Specs.Features", "Samples.Cli.Specs.Features\Samples.Cli.Specs.Features.csproj", "{AFEB15FB-B34C-4A2B-AD10-D95AE12D1821}"
EndProject
Project("{9A19103F-16F7-4668-BE54-9A1E7A4F7556}") = "Samples.Cli.Specs.Steps", "Samples.Cli.Specs.Steps\Samples.Cli.Specs.Steps.csproj", "{E3515922-6EBB-4E68-9A9D-770EF07687D6}"
EndProject
Project("{9A19103F-16F7-4668-BE54-9A1E7A4F7556}") = "Samples.Cli.Specs.Tests.Infra", "Samples.Cli.Specs.Tests.Infra\Samples.Cli.Specs.Tests.Infra.csproj", "{7E19A0D4-3224-4B5F-94A7-51FC514A2B2F}"
EndProject
Project("{9A19103F-16F7-4668-BE54-9A1E7A4F7556}") = "Samples.Cli.Specs.Tests.Contracts", "Samples.Cli.Specs.Tests.Contracts\Samples.Cli.Specs.Tests.Contracts.csproj", "{26A4F85E-8F51-4684-AF56-9D4786B98AA8}"
EndProject
Project("{9A19103F-16F7-4668-BE54-9A1E7A4F7556}") = "Samples.Cli.Specs.Launcher", "Samples.Cli.Specs.Launcher\Samples.Cli.Specs.Launcher.csproj", "{DD070130-2703-410D-B9F4-336F7DD26ED8}"
EndProject
Global
	GlobalSection(SolutionConfigurationPlatforms) = preSolution
		Debug|Any CPU = Debug|Any CPU
		DebugWithFake|Any CPU = DebugWithFake|Any CPU
		DebugWithReal|Any CPU = DebugWithReal|Any CPU
		DebugWithSpecs|Any CPU = DebugWithSpecs|Any CPU
		Release|Any CPU = Release|Any CPU
		ReleaseWithFake|Any CPU = ReleaseWithFake|Any CPU
		ReleaseWithReal|Any CPU = ReleaseWithReal|Any CPU
	EndGlobalSection
	GlobalSection(ProjectConfigurationPlatforms) = postSolution
		{AFEB15FB-B34C-4A2B-AD10-D95AE12D1821}.Debug|Any CPU.ActiveCfg = Debug|Any CPU
		{AFEB15FB-B34C-4A2B-AD10-D95AE12D1821}.Debug|Any CPU.Build.0 = Debug|Any CPU
		{AFEB15FB-B34C-4A2B-AD10-D95AE12D1821}.DebugWithFake|Any CPU.ActiveCfg = Debug|Any CPU
		{AFEB15FB-B34C-4A2B-AD10-D95AE12D1821}.DebugWithFake|Any CPU.Build.0 = Debug|Any CPU
		{AFEB15FB-B34C-4A2B-AD10-D95AE12D1821}.DebugWithReal|Any CPU.ActiveCfg = Debug|Any CPU
		{AFEB15FB-B34C-4A2B-AD10-D95AE12D1821}.DebugWithReal|Any CPU.Build.0 = Debug|Any CPU
		{AFEB15FB-B34C-4A2B-AD10-D95AE12D1821}.DebugWithSpecs|Any CPU.ActiveCfg = Debug|Any CPU
		{AFEB15FB-B34C-4A2B-AD10-D95AE12D1821}.DebugWithSpecs|Any CPU.Build.0 = Debug|Any CPU
		{AFEB15FB-B34C-4A2B-AD10-D95AE12D1821}.Release|Any CPU.ActiveCfg = Release|Any CPU
		{AFEB15FB-B34C-4A2B-AD10-D95AE12D1821}.Release|Any CPU.Build.0 = Release|Any CPU
		{AFEB15FB-B34C-4A2B-AD10-D95AE12D1821}.ReleaseWithFake|Any CPU.ActiveCfg = Release|Any CPU
		{AFEB15FB-B34C-4A2B-AD10-D95AE12D1821}.ReleaseWithFake|Any CPU.Build.0 = Release|Any CPU
		{AFEB15FB-B34C-4A2B-AD10-D95AE12D1821}.ReleaseWithReal|Any CPU.ActiveCfg = Release|Any CPU
		{AFEB15FB-B34C-4A2B-AD10-D95AE12D1821}.ReleaseWithReal|Any CPU.Build.0 = Release|Any CPU
		{E3515922-6EBB-4E68-9A9D-770EF07687D6}.Debug|Any CPU.ActiveCfg = Debug|Any CPU
		{E3515922-6EBB-4E68-9A9D-770EF07687D6}.Debug|Any CPU.Build.0 = Debug|Any CPU
		{E3515922-6EBB-4E68-9A9D-770EF07687D6}.DebugWithFake|Any CPU.ActiveCfg = Debug|Any CPU
		{E3515922-6EBB-4E68-9A9D-770EF07687D6}.DebugWithFake|Any CPU.Build.0 = Debug|Any CPU
		{E3515922-6EBB-4E68-9A9D-770EF07687D6}.DebugWithReal|Any CPU.ActiveCfg = Debug|Any CPU
		{E3515922-6EBB-4E68-9A9D-770EF07687D6}.DebugWithReal|Any CPU.Build.0 = Debug|Any CPU
		{E3515922-6EBB-4E68-9A9D-770EF07687D6}.DebugWithSpecs|Any CPU.ActiveCfg = Debug|Any CPU
		{E3515922-6EBB-4E68-9A9D-770EF07687D6}.DebugWithSpecs|Any CPU.Build.0 = Debug|Any CPU
		{E3515922-6EBB-4E68-9A9D-770EF07687D6}.Release|Any CPU.ActiveCfg = Release|Any CPU
		{E3515922-6EBB-4E68-9A9D-770EF07687D6}.Release|Any CPU.Build.0 = Release|Any CPU
		{E3515922-6EBB-4E68-9A9D-770EF07687D6}.ReleaseWithFake|Any CPU.ActiveCfg = Release|Any CPU
		{E3515922-6EBB-4E68-9A9D-770EF07687D6}.ReleaseWithFake|Any CPU.Build.0 = Release|Any CPU
		{E3515922-6EBB-4E68-9A9D-770EF07687D6}.ReleaseWithReal|Any CPU.ActiveCfg = Release|Any CPU
		{E3515922-6EBB-4E68-9A9D-770EF07687D6}.ReleaseWithReal|Any CPU.Build.0 = Release|Any CPU
		{7E19A0D4-3224-4B5F-94A7-51FC514A2B2F}.Debug|Any CPU.ActiveCfg = Debug|Any CPU
		{7E19A0D4-3224-4B5F-94A7-51FC514A2B2F}.Debug|Any CPU.Build.0 = Debug|Any CPU
		{7E19A0D4-3224-4B5F-94A7-51FC514A2B2F}.DebugWithFake|Any CPU.ActiveCfg = Debug|Any CPU
		{7E19A0D4-3224-4B5F-94A7-51FC514A2B2F}.DebugWithFake|Any CPU.Build.0 = Debug|Any CPU
		{7E19A0D4-3224-4B5F-94A7-51FC514A2B2F}.DebugWithReal|Any CPU.ActiveCfg = Debug|Any CPU
		{7E19A0D4-3224-4B5F-94A7-51FC514A2B2F}.DebugWithReal|Any CPU.Build.0 = Debug|Any CPU
		{7E19A0D4-3224-4B5F-94A7-51FC514A2B2F}.DebugWithSpecs|Any CPU.ActiveCfg = Debug|Any CPU
		{7E19A0D4-3224-4B5F-94A7-51FC514A2B2F}.DebugWithSpecs|Any CPU.Build.0 = Debug|Any CPU
		{7E19A0D4-3224-4B5F-94A7-51FC514A2B2F}.Release|Any CPU.ActiveCfg = Release|Any CPU
		{7E19A0D4-3224-4B5F-94A7-51FC514A2B2F}.Release|Any CPU.Build.0 = Release|Any CPU
		{7E19A0D4-3224-4B5F-94A7-51FC514A2B2F}.ReleaseWithFake|Any CPU.ActiveCfg = Release|Any CPU
		{7E19A0D4-3224-4B5F-94A7-51FC514A2B2F}.ReleaseWithFake|Any CPU.Build.0 = Release|Any CPU
		{7E19A0D4-3224-4B5F-94A7-51FC514A2B2F}.ReleaseWithReal|Any CPU.ActiveCfg = Release|Any CPU
		{7E19A0D4-3224-4B5F-94A7-51FC514A2B2F}.ReleaseWithReal|Any CPU.Build.0 = Release|Any CPU
		{26A4F85E-8F51-4684-AF56-9D4786B98AA8}.Debug|Any CPU.ActiveCfg = Debug|Any CPU
		{26A4F85E-8F51-4684-AF56-9D4786B98AA8}.Debug|Any CPU.Build.0 = Debug|Any CPU
		{26A4F85E-8F51-4684-AF56-9D4786B98AA8}.DebugWithFake|Any CPU.ActiveCfg = Debug|Any CPU
		{26A4F85E-8F51-4684-AF56-9D4786B98AA8}.DebugWithFake|Any CPU.Build.0 = Debug|Any CPU
		{26A4F85E-8F51-4684-AF56-9D4786B98AA8}.DebugWithReal|Any CPU.ActiveCfg = Debug|Any CPU
		{26A4F85E-8F51-4684-AF56-9D4786B98AA8}.DebugWithReal|Any CPU.Build.0 = Debug|Any CPU
		{26A4F85E-8F51-4684-AF56-9D4786B98AA8}.DebugWithSpecs|Any CPU.ActiveCfg = Debug|Any CPU
		{26A4F85E-8F51-4684-AF56-9D4786B98AA8}.DebugWithSpecs|Any CPU.Build.0 = Debug|Any CPU
		{26A4F85E-8F51-4684-AF56-9D4786B98AA8}.Release|Any CPU.ActiveCfg = Release|Any CPU
		{26A4F85E-8F51-4684-AF56-9D4786B98AA8}.Release|Any CPU.Build.0 = Release|Any CPU
		{26A4F85E-8F51-4684-AF56-9D4786B98AA8}.ReleaseWithFake|Any CPU.ActiveCfg = Release|Any CPU
		{26A4F85E-8F51-4684-AF56-9D4786B98AA8}.ReleaseWithFake|Any CPU.Build.0 = Release|Any CPU
		{26A4F85E-8F51-4684-AF56-9D4786B98AA8}.ReleaseWithReal|Any CPU.ActiveCfg = Release|Any CPU
		{26A4F85E-8F51-4684-AF56-9D4786B98AA8}.ReleaseWithReal|Any CPU.Build.0 = Release|Any CPU
		{DD070130-2703-410D-B9F4-336F7DD26ED8}.Debug|Any CPU.ActiveCfg = Debug|Any CPU
		{DD070130-2703-410D-B9F4-336F7DD26ED8}.Debug|Any CPU.Build.0 = Debug|Any CPU
		{DD070130-2703-410D-B9F4-336F7DD26ED8}.DebugWithFake|Any CPU.ActiveCfg = Debug|Any CPU
		{DD070130-2703-410D-B9F4-336F7DD26ED8}.DebugWithFake|Any CPU.Build.0 = Debug|Any CPU
		{DD070130-2703-410D-B9F4-336F7DD26ED8}.DebugWithReal|Any CPU.ActiveCfg = Debug|Any CPU
		{DD070130-2703-410D-B9F4-336F7DD26ED8}.DebugWithReal|Any CPU.Build.0 = Debug|Any CPU
		{DD070130-2703-410D-B9F4-336F7DD26ED8}.DebugWithSpecs|Any CPU.ActiveCfg = Debug|Any CPU
		{DD070130-2703-410D-B9F4-336F7DD26ED8}.DebugWithSpecs|Any CPU.Build.0 = Debug|Any CPU
		{DD070130-2703-410D-B9F4-336F7DD26ED8}.Release|Any CPU.ActiveCfg = Release|Any CPU
		{DD070130-2703-410D-B9F4-336F7DD26ED8}.Release|Any CPU.Build.0 = Release|Any CPU
		{DD070130-2703-410D-B9F4-336F7DD26ED8}.ReleaseWithFake|Any CPU.ActiveCfg = Release|Any CPU
		{DD070130-2703-410D-B9F4-336F7DD26ED8}.ReleaseWithFake|Any CPU.Build.0 = Release|Any CPU
		{DD070130-2703-410D-B9F4-336F7DD26ED8}.ReleaseWithReal|Any CPU.ActiveCfg = Release|Any CPU
		{DD070130-2703-410D-B9F4-336F7DD26ED8}.ReleaseWithReal|Any CPU.Build.0 = Release|Any CPU
	EndGlobalSection
	GlobalSection(SolutionProperties) = preSolution
		HideSolutionNode = FALSE
	EndGlobalSection
	GlobalSection(ExtensibilityGlobals) = postSolution
		SolutionGuid = {07D163FA-8882-4CD3-AF75-64443B08C8CB}
	EndGlobalSection
EndGlobal
