
Microsoft Visual Studio Solution File, Format Version 12.00
# Visual Studio Version 16
VisualStudioVersion = 16.0.30128.74
MinimumVisualStudioVersion = 10.0.40219.1
Project("{9A19103F-16F7-4668-BE54-9A1E7A4F7556}") = "LogoFX.Templates.Model", "LogoFX.Templates.Model\LogoFX.Templates.Model.csproj", "{73D69A09-BB0E-4D2D-9BC3-254400AE0472}"
EndProject
Project("{9A19103F-16F7-4668-BE54-9A1E7A4F7556}") = "LogoFX.Templates.Model.Contracts", "LogoFX.Templates.Model.Contracts\LogoFX.Templates.Model.Contracts.csproj", "{3F02A427-7CDD-4FF6-AA46-EC2AE0808354}"
EndProject
Global
	GlobalSection(SolutionConfigurationPlatforms) = preSolution
		Debug|Any CPU = Debug|Any CPU
		Release|Any CPU = Release|Any CPU
	EndGlobalSection
	GlobalSection(ProjectConfigurationPlatforms) = postSolution
		{73D69A09-BB0E-4D2D-9BC3-254400AE0472}.Debug|Any CPU.ActiveCfg = Debug|Any CPU
		{73D69A09-BB0E-4D2D-9BC3-254400AE0472}.Debug|Any CPU.Build.0 = Debug|Any CPU
		{73D69A09-BB0E-4D2D-9BC3-254400AE0472}.Release|Any CPU.ActiveCfg = Release|Any CPU
		{73D69A09-BB0E-4D2D-9BC3-254400AE0472}.Release|Any CPU.Build.0 = Release|Any CPU
		{3F02A427-7CDD-4FF6-AA46-EC2AE0808354}.Debug|Any CPU.ActiveCfg = Debug|Any CPU
		{3F02A427-7CDD-4FF6-AA46-EC2AE0808354}.Debug|Any CPU.Build.0 = Debug|Any CPU
		{3F02A427-7CDD-4FF6-AA46-EC2AE0808354}.Release|Any CPU.ActiveCfg = Release|Any CPU
		{3F02A427-7CDD-4FF6-AA46-EC2AE0808354}.Release|Any CPU.Build.0 = Release|Any CPU
	EndGlobalSection
	GlobalSection(SolutionProperties) = preSolution
		HideSolutionNode = FALSE
	EndGlobalSection
	GlobalSection(ExtensibilityGlobals) = postSolution
		SolutionGuid = {DF483A2C-41BD-4C77-B900-DA84EC1FB066}
	EndGlobalSection
EndGlobal
